<?xml version="1.0" encoding="utf-8"?>
<Project ToolsVersion="4.0" xmlns="http://schemas.microsoft.com/developer/msbuild/2003">
  <ItemGroup>
    <Filter Include="Source Files">
      <UniqueIdentifier>{4FC737F1-C7A5-4376-A066-2A32D752A2FF}</UniqueIdentifier>
      <Extensions>cpp;c;cc;cxx;c++;cppm;ixx;def;odl;idl;hpj;bat;asm;asmx</Extensions>
    </Filter>
    <Filter Include="Resource Files">
      <UniqueIdentifier>{67DA6AB6-F800-4c08-8B7A-83BB121AAD01}</UniqueIdentifier>
      <Extensions>rc;ico;cur;bmp;dlg;rc2;rct;bin;rgs;gif;jpg;jpeg;jpe;resx;tiff;tif;png;wav;mfcribbon-ms</Extensions>
    </Filter>
    <Filter Include="States">
      <UniqueIdentifier>{1d3bd065-77ac-4b51-a6f4-3d5b4c5a68af}</UniqueIdentifier>
    </Filter>
    <Filter Include="Entities">
      <UniqueIdentifier>{b574a874-c995-479a-bf87-cbb8ef21717c}</UniqueIdentifier>
    </Filter>
    <Filter Include="Components">
      <UniqueIdentifier>{02fbe0ab-e829-47e8-9f6c-2914f9b61d4f}</UniqueIdentifier>
    </Filter>
    <Filter Include="Core">
      <UniqueIdentifier>{1c157c0e-0537-4d69-aa65-77d0403e9dc4}</UniqueIdentifier>
    </Filter>
    <Filter Include="Tiles">
      <UniqueIdentifier>{cbf0060b-db82-49be-aae1-17d31b56c284}</UniqueIdentifier>
    </Filter>
    <Filter Include="GUI">
      <UniqueIdentifier>{833b26d3-af8d-4153-bce6-0ec9c09f2a9b}</UniqueIdentifier>
    </Filter>
    <Filter Include="Interfaces">
      <UniqueIdentifier>{c10982bf-a423-499c-90b6-1cb97d9b5e70}</UniqueIdentifier>
    </Filter>
    <Filter Include="Scripts">
      <UniqueIdentifier>{98f24351-850e-4551-a204-9a495bbd5011}</UniqueIdentifier>
    </Filter>
    <Filter Include="DataAssets">
      <UniqueIdentifier>{67fd264c-dce2-4712-8378-b9aac46d6923}</UniqueIdentifier>
    </Filter>
    <Filter Include="Components\GUI">
      <UniqueIdentifier>{83729e8f-d376-45e2-85b4-efca66e0f40f}</UniqueIdentifier>
    </Filter>
    <Filter Include="Scripts\Interaction">
      <UniqueIdentifier>{2ba15b2c-4187-4d01-b632-d2ff83e16127}</UniqueIdentifier>
    </Filter>
    <Filter Include="Components\Physics">
      <UniqueIdentifier>{1e42d633-89d6-4ee2-a091-52c6dc2b465f}</UniqueIdentifier>
    </Filter>
    <Filter Include="Components\AI">
      <UniqueIdentifier>{afb44cdc-8a63-4066-b981-bff53b367bc0}</UniqueIdentifier>
    </Filter>
    <Filter Include="Components\Rendering">
      <UniqueIdentifier>{da86aae8-6d4b-47c7-96b1-5aebf243eee3}</UniqueIdentifier>
    </Filter>
    <Filter Include="Header Files">
      <UniqueIdentifier>{93995380-89BD-4b04-88EB-625FBE52EBFB}</UniqueIdentifier>
      <Extensions>h;hh;hpp;hxx;h++;hm;inl;inc;ipp;xsd</Extensions>
    </Filter>
    <Filter Include="Header Files\JSON">
      <UniqueIdentifier>{9d941b67-eab8-4191-9a14-4751833ab3d8}</UniqueIdentifier>
    </Filter>
    <Filter Include="Scripts\Destruction">
      <UniqueIdentifier>{4f524afa-1451-411d-a968-ea0b64e4f2cb}</UniqueIdentifier>
    </Filter>
    <Filter Include="Scripts\Items">
      <UniqueIdentifier>{cc651e0b-64a6-4bd1-aeaa-dd88acdfc0fc}</UniqueIdentifier>
    </Filter>
    <Filter Include="Scripts\Damager">
      <UniqueIdentifier>{e37241b0-8e00-423c-b254-4ec97dbe0a6b}</UniqueIdentifier>
    </Filter>
  </ItemGroup>
  <ItemGroup>
    <ClCompile Include="main.cpp">
      <Filter>Source Files</Filter>
    </ClCompile>
    <ClCompile Include="GameState.cpp">
      <Filter>States</Filter>
    </ClCompile>
    <ClCompile Include="State.cpp">
      <Filter>States</Filter>
    </ClCompile>
    <ClCompile Include="GameObject.cpp">
      <Filter>Entities</Filter>
    </ClCompile>
    <ClCompile Include="MainMenuState.cpp">
      <Filter>States</Filter>
    </ClCompile>
    <ClCompile Include="Component.cpp">
      <Filter>Components</Filter>
    </ClCompile>
    <ClCompile Include="EditorState.cpp">
      <Filter>States</Filter>
    </ClCompile>
    <ClCompile Include="Tile.cpp">
      <Filter>Tiles</Filter>
    </ClCompile>
    <ClCompile Include="pch.cpp">
      <Filter>Source Files</Filter>
    </ClCompile>
    <ClCompile Include="Gui.cpp">
      <Filter>GUI</Filter>
    </ClCompile>
    <ClCompile Include="PauseMenu.cpp">
      <Filter>GUI</Filter>
    </ClCompile>
    <ClCompile Include="SettingsState.cpp">
      <Filter>States</Filter>
    </ClCompile>
    <ClCompile Include="GraphicsSettings.cpp">
      <Filter>Source Files</Filter>
    </ClCompile>
    <ClCompile Include="Collisions.cpp">
      <Filter>Resource Files</Filter>
    </ClCompile>
    <ClCompile Include="ParticleSystem.cpp">
      <Filter>Resource Files</Filter>
    </ClCompile>
    <ClCompile Include="globals.cpp">
      <Filter>Source Files</Filter>
    </ClCompile>
    <ClCompile Include="..\External\JSON\dist\jsoncpp.cpp">
      <Filter>Source Files</Filter>
    </ClCompile>
    <ClCompile Include="DataAsset.cpp">
      <Filter>DataAssets</Filter>
    </ClCompile>
    <ClCompile Include="GameClock.cpp">
      <Filter>Source Files</Filter>
    </ClCompile>
    <ClCompile Include="ItemData.cpp">
      <Filter>DataAssets</Filter>
    </ClCompile>
    <ClCompile Include="Math.cpp">
      <Filter>Source Files</Filter>
    </ClCompile>
    <ClCompile Include="PlayerController.cpp">
      <Filter>Scripts</Filter>
    </ClCompile>
    <ClCompile Include="PrefabEditor.cpp">
      <Filter>GUI</Filter>
    </ClCompile>
    <ClCompile Include="SceneEditorView.cpp">
      <Filter>GUI</Filter>
    </ClCompile>
    <ClCompile Include="Inventory.cpp">
      <Filter>Scripts</Filter>
    </ClCompile>
    <ClCompile Include="IRenderable.cpp">
      <Filter>Interfaces</Filter>
    </ClCompile>
    <ClCompile Include="ButtonComponent.cpp">
      <Filter>Components\GUI</Filter>
    </ClCompile>
    <ClCompile Include="DontDestroyOnLoad.cpp">
      <Filter>Components</Filter>
    </ClCompile>
    <ClCompile Include="IInteractable.cpp">
      <Filter>Interfaces</Filter>
    </ClCompile>
    <ClCompile Include="Interactor.cpp">
      <Filter>Scripts\Interaction</Filter>
    </ClCompile>
    <ClCompile Include="SceneChange.cpp">
      <Filter>Scripts\Interaction</Filter>
    </ClCompile>
    <ClCompile Include="DropDownComponent.cpp">
      <Filter>Components\GUI</Filter>
    </ClCompile>
    <ClCompile Include="Scene.cpp">
      <Filter>Core</Filter>
    </ClCompile>
    <ClCompile Include="AudioSource.cpp">
      <Filter>Components</Filter>
    </ClCompile>
    <ClCompile Include="BoxColliderComponent.cpp">
      <Filter>Components\Physics</Filter>
    </ClCompile>
    <ClCompile Include="RigidbodyComponent.cpp">
      <Filter>Components\Physics</Filter>
    </ClCompile>
    <ClCompile Include="ColliderComponent.cpp">
      <Filter>Components\Physics</Filter>
    </ClCompile>
    <ClCompile Include="CapsuleColliderComponent.cpp">
      <Filter>Components\Physics</Filter>
    </ClCompile>
    <ClCompile Include="GameEditorView.cpp">
      <Filter>GUI</Filter>
    </ClCompile>
    <ClCompile Include="SensoryComponent.cpp">
      <Filter>Components\AI</Filter>
    </ClCompile>
    <ClCompile Include="HearingComponent.cpp">
      <Filter>Components\AI</Filter>
    </ClCompile>
    <ClCompile Include="VisualComponent.cpp">
      <Filter>Components\AI</Filter>
    </ClCompile>
    <ClCompile Include="AgentComponent.cpp">
      <Filter>Components\AI</Filter>
    </ClCompile>
    <ClCompile Include="AnimatedSpriteComponent.cpp">
      <Filter>Components\Rendering</Filter>
    </ClCompile>
    <ClCompile Include="AnimationComponent.cpp">
      <Filter>Components\Rendering</Filter>
    </ClCompile>
    <ClCompile Include="ChildAnimationComponent.cpp">
      <Filter>Components\Rendering</Filter>
    </ClCompile>
    <ClCompile Include="SpriteComponent.cpp">
      <Filter>Components\Rendering</Filter>
    </ClCompile>
    <ClCompile Include="TilemapComponent.cpp">
      <Filter>Components\Rendering</Filter>
    </ClCompile>
    <ClCompile Include="CameraComponent.cpp">
      <Filter>Components\Rendering</Filter>
    </ClCompile>
    <ClCompile Include="TilemapColliderComponent.cpp">
      <Filter>Components\Physics</Filter>
    </ClCompile>
    <ClCompile Include="Timer.cpp">
      <Filter>Source Files</Filter>
    </ClCompile>
    <ClCompile Include="InventoryWindow.cpp">
      <Filter>Scripts</Filter>
    </ClCompile>
    <ClCompile Include="InventoryGUIController.cpp">
      <Filter>Scripts</Filter>
    </ClCompile>
    <ClCompile Include="Chest.cpp">
      <Filter>Scripts\Interaction</Filter>
    </ClCompile>
    <ClCompile Include="Delay.cpp">
      <Filter>Resource Files</Filter>
    </ClCompile>
    <ClCompile Include="Destructor.cpp">
      <Filter>Scripts\Destruction</Filter>
    </ClCompile>
    <ClCompile Include="IDestructable.cpp">
      <Filter>Interfaces</Filter>
    </ClCompile>
    <ClCompile Include="Dialogue.cpp">
      <Filter>Source Files</Filter>
    </ClCompile>
    <ClCompile Include="ItemController.cpp">
      <Filter>Scripts\Items</Filter>
    </ClCompile>
    <ClCompile Include="WeaponController.cpp">
      <Filter>Scripts\Items</Filter>
    </ClCompile>
    <ClCompile Include="WeaponData.cpp">
      <Filter>DataAssets</Filter>
    </ClCompile>
    <ClCompile Include="TextureSelector.cpp">
      <Filter>GUI</Filter>
    </ClCompile>
    <ClCompile Include="CombatInventory.cpp">
      <Filter>Scripts</Filter>
    </ClCompile>
    <ClCompile Include="Bed.cpp">
      <Filter>Scripts\Interaction</Filter>
    </ClCompile>
    <ClCompile Include="core\FileManager.cpp">
      <Filter>Core</Filter>
    </ClCompile>
    <ClCompile Include="core\Game.cpp">
      <Filter>Core</Filter>
    </ClCompile>
    <ClCompile Include="core\ResourceManager.cpp">
      <Filter>Core</Filter>
    </ClCompile>
    <ClCompile Include="core\UITagSystem.cpp">
      <Filter>Core</Filter>
    </ClCompile>
    <ClCompile Include="core\DialogueSystem.cpp">
      <Filter>Core</Filter>
    </ClCompile>
    <ClCompile Include="core\EventSystem.cpp">
      <Filter>Core</Filter>
    </ClCompile>
    <ClCompile Include="core\Physics.cpp">
      <Filter>Core</Filter>
    </ClCompile>
    <ClCompile Include="core\Renderer.cpp">
      <Filter>Core</Filter>
    </ClCompile>
    <ClCompile Include="core\Time.cpp">
      <Filter>Core</Filter>
    </ClCompile>
    <ClCompile Include="core\ConsoleManager.cpp">
      <Filter>Core</Filter>
    </ClCompile>
    <ClCompile Include="core\Input.cpp">
      <Filter>Core</Filter>
    </ClCompile>
    <ClCompile Include="core\Debug.cpp">
      <Filter>Core</Filter>
    </ClCompile>
    <ClCompile Include="core\SceneManager.cpp">
      <Filter>Core</Filter>
    </ClCompile>
    <ClCompile Include="Test.cpp">
      <Filter>Source Files</Filter>
    </ClCompile>
    <ClCompile Include="DummyAI.cpp">
      <Filter>Components\AI</Filter>
    </ClCompile>
    <ClCompile Include="Damager.cpp">
      <Filter>Scripts\Damager</Filter>
    </ClCompile>
    <ClCompile Include="IDamageable.cpp">
      <Filter>Interfaces</Filter>
    </ClCompile>
  </ItemGroup>
  <ItemGroup>
    <ClInclude Include="GameState.h">
      <Filter>States</Filter>
    </ClInclude>
    <ClInclude Include="State.h">
      <Filter>States</Filter>
    </ClInclude>
    <ClInclude Include="GameObject.h">
      <Filter>Entities</Filter>
    </ClInclude>
    <ClInclude Include="MainMenuState.h">
      <Filter>States</Filter>
    </ClInclude>
    <ClInclude Include="Component.h">
      <Filter>Components</Filter>
    </ClInclude>
    <ClInclude Include="EditorState.h">
      <Filter>States</Filter>
    </ClInclude>
    <ClInclude Include="Tile.h">
      <Filter>Tiles</Filter>
    </ClInclude>
    <ClInclude Include="pch.h">
      <Filter>Header Files</Filter>
    </ClInclude>
    <ClInclude Include="Gui.h">
      <Filter>GUI</Filter>
    </ClInclude>
    <ClInclude Include="PauseMenu.h">
      <Filter>GUI</Filter>
    </ClInclude>
    <ClInclude Include="SettingsState.h">
      <Filter>States</Filter>
    </ClInclude>
    <ClInclude Include="GraphicsSettings.h">
      <Filter>Header Files</Filter>
    </ClInclude>
    <ClInclude Include="Collisions.h">
      <Filter>Resource Files</Filter>
    </ClInclude>
    <ClInclude Include="ParticleSystem.h">
      <Filter>Resource Files</Filter>
    </ClInclude>
    <ClInclude Include="globals.h">
      <Filter>Header Files</Filter>
    </ClInclude>
    <ClInclude Include="Animation.h">
      <Filter>Resource Files</Filter>
    </ClInclude>
    <ClInclude Include="IData.h">
      <Filter>Header Files</Filter>
    </ClInclude>
    <ClInclude Include="..\External\JSON\include\json\writer.h">
      <Filter>Header Files\JSON</Filter>
    </ClInclude>
    <ClInclude Include="..\External\JSON\include\json\allocator.h">
      <Filter>Header Files\JSON</Filter>
    </ClInclude>
    <ClInclude Include="..\External\JSON\include\json\assertions.h">
      <Filter>Header Files\JSON</Filter>
    </ClInclude>
    <ClInclude Include="..\External\JSON\include\json\config.h">
      <Filter>Header Files\JSON</Filter>
    </ClInclude>
    <ClInclude Include="..\External\JSON\include\json\forwards.h">
      <Filter>Header Files\JSON</Filter>
    </ClInclude>
    <ClInclude Include="..\External\JSON\dist\json\json.h">
      <Filter>Header Files\JSON</Filter>
    </ClInclude>
    <ClInclude Include="..\External\JSON\include\json\json.h">
      <Filter>Header Files\JSON</Filter>
    </ClInclude>
    <ClInclude Include="..\External\JSON\include\json\json_features.h">
      <Filter>Header Files\JSON</Filter>
    </ClInclude>
    <ClInclude Include="..\External\JSON\dist\json\json-forwards.h">
      <Filter>Header Files\JSON</Filter>
    </ClInclude>
    <ClInclude Include="..\External\JSON\include\json\reader.h">
      <Filter>Header Files\JSON</Filter>
    </ClInclude>
    <ClInclude Include="..\External\JSON\include\json\value.h">
      <Filter>Header Files\JSON</Filter>
    </ClInclude>
    <ClInclude Include="..\External\JSON\include\json\version.h">
      <Filter>Header Files\JSON</Filter>
    </ClInclude>
    <ClInclude Include="DataAsset.h">
      <Filter>DataAssets</Filter>
    </ClInclude>
    <ClInclude Include="GameClock.h">
      <Filter>Header Files</Filter>
    </ClInclude>
    <ClInclude Include="IObject.h">
      <Filter>Interfaces</Filter>
    </ClInclude>
    <ClInclude Include="ItemData.h">
      <Filter>DataAssets</Filter>
    </ClInclude>
    <ClInclude Include="Math.h">
      <Filter>Header Files</Filter>
    </ClInclude>
    <ClInclude Include="PlayerController.h">
      <Filter>Scripts</Filter>
    </ClInclude>
    <ClInclude Include="SceneEditorView.h">
      <Filter>GUI</Filter>
    </ClInclude>
    <ClInclude Include="PrefabEditor.h">
      <Filter>GUI</Filter>
    </ClInclude>
    <ClInclude Include="Inventory.h">
      <Filter>Scripts</Filter>
    </ClInclude>
    <ClInclude Include="IRenderable.h">
      <Filter>Interfaces</Filter>
    </ClInclude>
    <ClInclude Include="ButtonComponent.h">
      <Filter>Components\GUI</Filter>
    </ClInclude>
    <ClInclude Include="DontDestroyOnLoad.h">
      <Filter>Components</Filter>
    </ClInclude>
    <ClInclude Include="IInteractable.h">
      <Filter>Interfaces</Filter>
    </ClInclude>
    <ClInclude Include="Interactor.h">
      <Filter>Scripts\Interaction</Filter>
    </ClInclude>
    <ClInclude Include="SceneChange.h">
      <Filter>Scripts\Interaction</Filter>
    </ClInclude>
    <ClInclude Include="DropDownComponent.h">
      <Filter>Components\GUI</Filter>
    </ClInclude>
    <ClInclude Include="Scene.h">
      <Filter>Core</Filter>
    </ClInclude>
    <ClInclude Include="resource.h">
      <Filter>Header Files</Filter>
    </ClInclude>
    <ClInclude Include="AudioSource.h">
      <Filter>Components</Filter>
    </ClInclude>
    <ClInclude Include="BoxColliderComponent.h">
      <Filter>Components\Physics</Filter>
    </ClInclude>
    <ClInclude Include="RigidbodyComponent.h">
      <Filter>Components\Physics</Filter>
    </ClInclude>
    <ClInclude Include="ColliderComponent.h">
      <Filter>Components\Physics</Filter>
    </ClInclude>
    <ClInclude Include="CapsuleColliderComponent.h">
      <Filter>Components\Physics</Filter>
    </ClInclude>
    <ClInclude Include="GameEditorView.h">
      <Filter>GUI</Filter>
    </ClInclude>
    <ClInclude Include="SensoryComponent.h">
      <Filter>Components\AI</Filter>
    </ClInclude>
    <ClInclude Include="HearingComponent.h">
      <Filter>Components\AI</Filter>
    </ClInclude>
    <ClInclude Include="VisualComponent.h">
      <Filter>Components\AI</Filter>
    </ClInclude>
    <ClInclude Include="AgentComponent.h">
      <Filter>Components\AI</Filter>
    </ClInclude>
    <ClInclude Include="AnimatedSpriteComponent.h">
      <Filter>Components\Rendering</Filter>
    </ClInclude>
    <ClInclude Include="AnimationComponent.h">
      <Filter>Components\Rendering</Filter>
    </ClInclude>
    <ClInclude Include="ChildAnimationComponent.h">
      <Filter>Components\Rendering</Filter>
    </ClInclude>
    <ClInclude Include="SpriteComponent.h">
      <Filter>Components\Rendering</Filter>
    </ClInclude>
    <ClInclude Include="TilemapComponent.h">
      <Filter>Components\Rendering</Filter>
    </ClInclude>
    <ClInclude Include="CameraComponent.h">
      <Filter>Components\Rendering</Filter>
    </ClInclude>
    <ClInclude Include="TilemapColliderComponent.h">
      <Filter>Components\Physics</Filter>
    </ClInclude>
    <ClInclude Include="Timer.h">
      <Filter>Header Files</Filter>
    </ClInclude>
    <ClInclude Include="InventoryWindow.h">
      <Filter>Scripts</Filter>
    </ClInclude>
    <ClInclude Include="InventoryGUIController.h">
      <Filter>Scripts</Filter>
    </ClInclude>
    <ClInclude Include="Chest.h">
      <Filter>Scripts\Interaction</Filter>
    </ClInclude>
    <ClInclude Include="Delay.h">
      <Filter>Resource Files</Filter>
    </ClInclude>
    <ClInclude Include="Destructor.h">
      <Filter>Scripts\Destruction</Filter>
    </ClInclude>
    <ClInclude Include="IDestructable.h">
      <Filter>Interfaces</Filter>
    </ClInclude>
    <ClInclude Include="Dialogue.h">
      <Filter>Header Files</Filter>
    </ClInclude>
    <ClInclude Include="ItemController.h">
      <Filter>Scripts\Items</Filter>
    </ClInclude>
    <ClInclude Include="WeaponController.h">
      <Filter>Scripts\Items</Filter>
    </ClInclude>
    <ClInclude Include="WeaponData.h">
      <Filter>DataAssets</Filter>
    </ClInclude>
    <ClInclude Include="TextureSelector.h">
      <Filter>GUI</Filter>
    </ClInclude>
    <ClInclude Include="CombatInventory.h">
      <Filter>Scripts</Filter>
    </ClInclude>
    <ClInclude Include="Bed.h">
      <Filter>Scripts\Interaction</Filter>
    </ClInclude>
    <ClInclude Include="core\FileManager.h">
      <Filter>Core</Filter>
    </ClInclude>
    <ClInclude Include="core\Game.h">
      <Filter>Core</Filter>
    </ClInclude>
    <ClInclude Include="core\ResourceManager.h">
      <Filter>Core</Filter>
    </ClInclude>
    <ClInclude Include="core\UITagSystem.h">
      <Filter>Core</Filter>
    </ClInclude>
    <ClInclude Include="core\DialogueSystem.h">
      <Filter>Core</Filter>
    </ClInclude>
    <ClInclude Include="core\EventSystem.h">
      <Filter>Core</Filter>
    </ClInclude>
    <ClInclude Include="core\Physics.h">
      <Filter>Core</Filter>
    </ClInclude>
    <ClInclude Include="core\Renderer.h">
      <Filter>Core</Filter>
    </ClInclude>
    <ClInclude Include="core\Time.h">
      <Filter>Core</Filter>
    </ClInclude>
    <ClInclude Include="core\ConsoleManager.h">
      <Filter>Core</Filter>
    </ClInclude>
    <ClInclude Include="core\Input.h">
      <Filter>Core</Filter>
    </ClInclude>
    <ClInclude Include="core\Debug.h">
      <Filter>Core</Filter>
    </ClInclude>
    <ClInclude Include="core\SceneManager.h">
      <Filter>Core</Filter>
    </ClInclude>
    <ClInclude Include="Test.h">
      <Filter>Header Files</Filter>
    </ClInclude>
    <ClInclude Include="DummyAI.h">
      <Filter>Components\AI</Filter>
    </ClInclude>
    <ClInclude Include="Damager.h">
      <Filter>Scripts\Damager</Filter>
    </ClInclude>
    <ClInclude Include="IDamageable.h">
      <Filter>Interfaces</Filter>
    </ClInclude>
  </ItemGroup>
  <ItemGroup>
    <ResourceCompile Include="Suraj_RPG.rc">
      <Filter>Resource Files</Filter>
    </ResourceCompile>
  </ItemGroup>
</Project>